// !$*UTF8*$!
{
	archiveVersion = 1;
	classes = {
	};
	objectVersion = 77;
	objects = {

/* Begin PBXBuildFile section */
		7C78803E325AA502BEBC73A2 /* SampleHandler.swift in Sources */ = {isa = PBXBuildFile; fileRef = A58B34ED7EF644738526C0F2 /* SampleHandler.swift */; };
		CFDF0F15852245B487FBF970 /* OverlayBroadcastExtension.appex in Embed App Extensions */ = {isa = PBXBuildFile; fileRef = B70067589CC6402F910E878D /* OverlayBroadcastExtension.appex */; settings = {ATTRIBUTES = (RemoveHeadersOnCopy, ); }; };
		D3260D2B4BEC1E5CE0EE169F /* Foundation.framework in Frameworks */ = {isa = PBXBuildFile; fileRef = 8D5C1D20DC60DDE21232FF74 /* Foundation.framework */; };
/* End PBXBuildFile section */

/* Begin PBXContainerItemProxy section */
		2180076695C8B4BAD7021D3D /* PBXContainerItemProxy */ = {
			isa = PBXContainerItemProxy;
			containerPortal = F0AB9A4D2F8851AA0075300D /* Project object */;
			proxyType = 1;
			remoteGlobalIDString = 5E3DF9D4CBCA75A4E65E039D;
			remoteInfo = OverlayBroadcastExtension;
		};
		F0AB9A632F8851AC0075300D /* PBXContainerItemProxy */ = {
			isa = PBXContainerItemProxy;
			containerPortal = F0AB9A4D2F8851AA0075300D /* Project object */;
			proxyType = 1;
			remoteGlobalIDString = F0AB9A542F8851AA0075300D;
			remoteInfo = "Overlay Recorder";
		};
		F0AB9A6D2F8851AC0075300D /* PBXContainerItemProxy */ = {
			isa = PBXContainerItemProxy;
			containerPortal = F0AB9A4D2F8851AA0075300D /* Project object */;
			proxyType = 1;
			remoteGlobalIDString = F0AB9A542F8851AA0075300D;
			remoteInfo = "Overlay Recorder";
		};
/* End PBXContainerItemProxy section */

/* Begin PBXCopyFilesBuildPhase section */
		6F639431BE86956C012826E8 /* Embed App Extensions */ = {
			isa = PBXCopyFilesBuildPhase;
			buildActionMask = 2147483647;
			dstPath = "";
			dstSubfolderSpec = 13;
			files = (
				CFDF0F15852245B487FBF970 /* OverlayBroadcastExtension.appex in Embed App Extensions */,
			);
			name = "Embed App Extensions";
			runOnlyForDeploymentPostprocessing = 0;
		};
/* End PBXCopyFilesBuildPhase section */

/* Begin PBXFileReference section */
		00615BA50963FBE213A4346B /* Shared.entitlements */ = {isa = PBXFileReference; includeInIndex = 1; lastKnownFileType = text.plist.entitlements; path = Shared.entitlements; sourceTree = "<group>"; };
		8D5C1D20DC60DDE21232FF74 /* Foundation.framework */ = {isa = PBXFileReference; lastKnownFileType = wrapper.framework; name = Foundation.framework; path = Platforms/iPhoneOS.platform/Developer/SDKs/iPhoneOS18.0.sdk/System/Library/Frameworks/Foundation.framework; sourceTree = DEVELOPER_DIR; };
		A58B34ED7EF644738526C0F2 /* SampleHandler.swift */ = {isa = PBXFileReference; includeInIndex = 1; lastKnownFileType = sourcecode.swift; path = SampleHandler.swift; sourceTree = "<group>"; };
		B70067589CC6402F910E878D /* OverlayBroadcastExtension.appex */ = {isa = PBXFileReference; explicitFileType = "wrapper.app-extension"; includeInIndex = 0; path = OverlayBroadcastExtension.appex; sourceTree = BUILT_PRODUCTS_DIR; };
		E18CB8DAF0F3936F96984EAA /* Info.plist */ = {isa = PBXFileReference; includeInIndex = 1; lastKnownFileType = text.plist.xml; path = Info.plist; sourceTree = "<group>"; };
		F0AB9A552F8851AA0075300D /* Overlay Recorder.app */ = {isa = PBXFileReference; explicitFileType = wrapper.application; includeInIndex = 0; path = "Overlay Recorder.app"; sourceTree = BUILT_PRODUCTS_DIR; };
		F0AB9A622F8851AC0075300D /* Overlay RecorderTests.xctest */ = {isa = PBXFileReference; explicitFileType = wrapper.cfbundle; includeInIndex = 0; path = "Overlay RecorderTests.xctest"; sourceTree = BUILT_PRODUCTS_DIR; };
		F0AB9A6C2F8851AC0075300D /* Overlay RecorderUITests.xctest */ = {isa = PBXFileReference; explicitFileType = wrapper.cfbundle; includeInIndex = 0; path = "Overlay RecorderUITests.xctest"; sourceTree = BUILT_PRODUCTS_DIR; };
/* End PBXFileReference section */

/* Begin PBXFileSystemSynchronizedRootGroup section */
		F0AB9A572F8851AA0075300D /* Overlay Recorder */ = {
			isa = PBXFileSystemSynchronizedRootGroup;
			path = "Overlay Recorder";
			sourceTree = "<group>";
		};
/* End PBXFileSystemSynchronizedRootGroup section */

/* Begin PBXFrameworksBuildPhase section */
		6AB5FC8968C5E4FDE64DA426 /* Frameworks */ = {
			isa = PBXFrameworksBuildPhase;
			buildActionMask = 2147483647;
			files = (
				D3260D2B4BEC1E5CE0EE169F /* Foundation.framework in Frameworks */,
			);
			runOnlyForDeploymentPostprocessing = 0;
		};
		F0AB9A522F8851AA0075300D /* Frameworks */ = {
			isa = PBXFrameworksBuildPhase;
			buildActionMask = 2147483647;
			files = (
			);
			runOnlyForDeploymentPostprocessing = 0;
		};
		F0AB9A5F2F8851AC0075300D /* Frameworks */ = {
			isa = PBXFrameworksBuildPhase;
			buildActionMask = 2147483647;
			files = (
			);
			runOnlyForDeploymentPostprocessing = 0;
		};
		F0AB9A692F8851AC0075300D /* Frameworks */ = {
			isa = PBXFrameworksBuildPhase;
			buildActionMask = 2147483647;
			files = (
			);
			runOnlyForDeploymentPostprocessing = 0;
		};
/* End PBXFrameworksBuildPhase section */

/* Begin PBXGroup section */
		18A4A4642764EB9DB310A6F0 /* OverlayBroadcastExtension */ = {
			isa = PBXGroup;
			children = (
				A58B34ED7EF644738526C0F2 /* SampleHandler.swift */,
				E18CB8DAF0F3936F96984EAA /* Info.plist */,
			);
			path = OverlayBroadcastExtension;
			sourceTree = "<group>";
		};
		8BC6BDA570EC47555BF78B64 /* iOS */ = {
			isa = PBXGroup;
			children = (
				8D5C1D20DC60DDE21232FF74 /* Foundation.framework */,
			);
			name = iOS;
			sourceTree = "<group>";
		};
		DB5B20B64DAE1E707CC39D56 /* Frameworks */ = {
			isa = PBXGroup;
			children = (
				8BC6BDA570EC47555BF78B64 /* iOS */,
			);
			name = Frameworks;
			sourceTree = "<group>";
		};
		F0AB9A4C2F8851AA0075300D = {
			isa = PBXGroup;
			children = (
				F0AB9A572F8851AA0075300D /* Overlay Recorder */,
				F0AB9A562F8851AA0075300D /* Products */,
				18A4A4642764EB9DB310A6F0 /* OverlayBroadcastExtension */,
				DB5B20B64DAE1E707CC39D56 /* Frameworks */,
				00615BA50963FBE213A4346B /* Shared.entitlements */,
			);
			sourceTree = "<group>";
		};
		F0AB9A562F8851AA0075300D /* Products */ = {
			isa = PBXGroup;
			children = (
				F0AB9A552F8851AA0075300D /* Overlay Recorder.app */,
				F0AB9A622F8851AC0075300D /* Overlay RecorderTests.xctest */,
				F0AB9A6C2F8851AC0075300D /* Overlay RecorderUITests.xctest */,
				B70067589CC6402F910E878D /* OverlayBroadcastExtension.appex */,
			);
			name = Products;
			sourceTree = "<group>";
		};
/* End PBXGroup section */

/* Begin PBXNativeTarget section */
		5E3DF9D4CBCA75A4E65E039D /* OverlayBroadcastExtension */ = {
			isa = PBXNativeTarget;
			buildConfigurationList = 394ABD2EE8A436B916B59E97 /* Build configuration list for PBXNativeTarget "OverlayBroadcastExtension" */;
			buildPhases = (
				AF4FADD7EE29AF8C49F02127 /* Sources */,
				6AB5FC8968C5E4FDE64DA426 /* Frameworks */,
				9CB67A8E3C95F688A0C194FB /* Resources */,
			);
			buildRules = (
			);
			dependencies = (
			);
			name = OverlayBroadcastExtension;
			productName = OverlayBroadcastExtension;
			productReference = B70067589CC6402F910E878D /* OverlayBroadcastExtension.appex */;
			productType = "com.apple.product-type.app-extension";
		};
		F0AB9A542F8851AA0075300D /* Overlay Recorder */ = {
			isa = PBXNativeTarget;
			buildConfigurationList = F0AB9A762F8851AC0075300D /* Build configuration list for PBXNativeTarget "Overlay Recorder" */;
			buildPhases = (
				F0AB9A512F8851AA0075300D /* Sources */,
				F0AB9A522F8851AA0075300D /* Frameworks */,
				F0AB9A532F8851AA0075300D /* Resources */,
				6F639431BE86956C012826E8 /* Embed App Extensions */,
			);
			buildRules = (
			);
			dependencies = (
				D150B59EACC774BEFBDA3AB1 /* PBXTargetDependency */,
			);
			fileSystemSynchronizedGroups = (
				F0AB9A572F8851AA0075300D /* Overlay Recorder */,
			);
			name = "Overlay Recorder";
			productName = "Overlay Recorder";
			productReference = F0AB9A552F8851AA0075300D /* Overlay Recorder.app */;
			productType = "com.apple.product-type.application";
		};
		F0AB9A612F8851AC0075300D /* Overlay RecorderTests */ = {
			isa = PBXNativeTarget;
			buildConfigurationList = F0AB9A792F8851AC0075300D /* Build configuration list for PBXNativeTarget "Overlay RecorderTests" */;
			buildPhases = (
				F0AB9A5E2F8851AC0075300D /* Sources */,
				F0AB9A5F2F8851AC0075300D /* Frameworks */,
				F0AB9A602F8851AC0075300D /* Resources */,
			);
			buildRules = (
			);
			dependencies = (
				F0AB9A642F8851AC0075300D /* PBXTargetDependency */,
			);
			name = "Overlay RecorderTests";
			productName = "Overlay RecorderTests";
			productReference = F0AB9A622F8851AC0075300D /* Overlay RecorderTests.xctest */;
			productType = "com.apple.product-type.bundle.unit-test";
		};
		F0AB9A6B2F8851AC0075300D /* Overlay RecorderUITests */ = {
			isa = PBXNativeTarget;
			buildConfigurationList = F0AB9A7C2F8851AC0075300D /* Build configuration list for PBXNativeTarget "Overlay RecorderUITests" */;
			buildPhases = (
				F0AB9A682F8851AC0075300D /* Sources */,
				F0AB9A692F8851AC0075300D /* Frameworks */,
				F0AB9A6A2F8851AC0075300D /* Resources */,
			);
			buildRules = (
			);
			dependencies = (
				F0AB9A6E2F8851AC0075300D /* PBXTargetDependency */,
			);
			name = "Overlay RecorderUITests";
			productName = "Overlay RecorderUITests";
			productReference = F0AB9A6C2F8851AC0075300D /* Overlay RecorderUITests.xctest */;
			productType = "com.apple.product-type.bundle.ui-testing";
		};
/* End PBXNativeTarget section */

/* Begin PBXProject section */
		F0AB9A4D2F8851AA0075300D /* Project object */ = {
			isa = PBXProject;
			attributes = {
				BuildIndependentTargetsInParallel = 1;
				LastSwiftUpdateCheck = 2640;
				LastUpgradeCheck = 2640;
				TargetAttributes = {
					5E3DF9D4CBCA75A4E65E039D = {
						CreatedOnToolsVersion = 26.4;
						SystemCapabilities = {
							com.apple.ApplicationGroups.iOS = {
								enabled = 1;
							};
						};
					};
					F0AB9A542F8851AA0075300D = {
						CreatedOnToolsVersion = 26.4;
						SystemCapabilities = {
							com.apple.ApplicationGroups.iOS = {
								enabled = 1;
							};
						};
					};
					F0AB9A612F8851AC0075300D = {
						CreatedOnToolsVersion = 26.4;
						TestTargetID = F0AB9A542F8851AA0075300D;
					};
					F0AB9A6B2F8851AC0075300D = {
						CreatedOnToolsVersion = 26.4;
						TestTargetID = F0AB9A542F8851AA0075300D;
					};
				};
			};
			buildConfigurationList = F0AB9A502F8851AA0075300D /* Build configuration list for PBXProject "Overlay Recorder" */;
			developmentRegion = en;
			hasScannedForEncodings = 0;
			knownRegions = (
				en,
				Base,
			);
			mainGroup = F0AB9A4C2F8851AA0075300D;
			minimizedProjectReferenceProxies = 1;
			preferredProjectObjectVersion = 77;
			productRefGroup = F0AB9A562F8851AA0075300D /* Products */;
			projectDirPath = "";
			projectRoot = "";
			targets = (
				F0AB9A542F8851AA0075300D /* Overlay Recorder */,
				F0AB9A612F8851AC0075300D /* Overlay RecorderTests */,
				F0AB9A6B2F8851AC0075300D /* Overlay RecorderUITests */,
				5E3DF9D4CBCA75A4E65E039D /* OverlayBroadcastExtension */,
			);
		};
/* End PBXProject section */

/* Begin PBXResourcesBuildPhase section */
		9CB67A8E3C95F688A0C194FB /* Resources */ = {
			isa = PBXResourcesBuildPhase;
			buildActionMask = 2147483647;
			files = (
			);
			runOnlyForDeploymentPostprocessing = 0;
		};
		F0AB9A532F8851AA0075300D /* Resources */ = {
			isa = PBXResourcesBuildPhase;
			buildActionMask = 2147483647;
			files = (
			);
			runOnlyForDeploymentPostprocessing = 0;
		};
		F0AB9A602F8851AC0075300D /* Resources */ = {
			isa = PBXResourcesBuildPhase;
			buildActionMask = 2147483647;
			files = (
			);
			runOnlyForDeploymentPostprocessing = 0;
		};
		F0AB9A6A2F8851AC0075300D /* Resources */ = {
			isa = PBXResourcesBuildPhase;
			buildActionMask = 2147483647;
			files = (
			);
			runOnlyForDeploymentPostprocessing = 0;
		};
/* End PBXResourcesBuildPhase section */

/* Begin PBXSourcesBuildPhase section */
		AF4FADD7EE29AF8C49F02127 /* Sources */ = {
			isa = PBXSourcesBuildPhase;
			buildActionMask = 2147483647;
			files = (
				7C78803E325AA502BEBC73A2 /* SampleHandler.swift in Sources */,
			);
			runOnlyForDeploymentPostprocessing = 0;
		};
		F0AB9A512F8851AA0075300D /* Sources */ = {
			isa = PBXSourcesBuildPhase;
			buildActionMask = 2147483647;
			files = (
			);
			runOnlyForDeploymentPostprocessing = 0;
		};
		F0AB9A5E2F8851AC0075300D /* Sources */ = {
			isa = PBXSourcesBuildPhase;
			buildActionMask = 2147483647;
			files = (
			);
			runOnlyForDeploymentPostprocessing = 0;
		};
		F0AB9A682F8851AC0075300D /* Sources */ = {
			isa = PBXSourcesBuildPhase;
			buildActionMask = 2147483647;
			files = (
			);
			runOnlyForDeploymentPostprocessing = 0;
		};
/* End PBXSourcesBuildPhase section */

/* Begin PBXTargetDependency section */
		D150B59EACC774BEFBDA3AB1 /* PBXTargetDependency */ = {
			isa = PBXTargetDependency;
			name = OverlayBroadcastExtension;
			target = 5E3DF9D4CBCA75A4E65E039D /* OverlayBroadcastExtension */;
			targetProxy = 2180076695C8B4BAD7021D3D /* PBXContainerItemProxy */;
		};
		F0AB9A642F8851AC0075300D /* PBXTargetDependency */ = {
			isa = PBXTargetDependency;
			target = F0AB9A542F8851AA0075300D /* Overlay Recorder */;
			targetProxy = F0AB9A632F8851AC0075300D /* PBXContainerItemProxy */;
		};
		F0AB9A6E2F8851AC0075300D /* PBXTargetDependency */ = {
			isa = PBXTargetDependency;
			target = F0AB9A542F8851AA0075300D /* Overlay Recorder */;
			targetProxy = F0AB9A6D2F8851AC0075300D /* PBXContainerItemProxy */;
		};
/* End PBXTargetDependency section */

/* Begin XCBuildConfiguration section */
		379123A0F50A012C97ED8C06 /* Debug */ = {
			isa = XCBuildConfiguration;
			buildSettings = {
				ASSETCATALOG_COMPILER_APPICON_NAME = AppIcon;
				CLANG_ENABLE_OBJC_WEAK = NO;
				CODE_SIGN_ENTITLEMENTS = Shared.entitlements;
				CODE_SIGN_STYLE = Automatic;
				DEVELOPMENT_TEAM = F4TFHKUQDA;
				INFOPLIST_FILE = OverlayBroadcastExtension/Info.plist;
				IPHONEOS_DEPLOYMENT_TARGET = 17.0;
				PRODUCT_BUNDLE_IDENTIFIER = "amrit.dash.Overlay-Recorder.OverlayBroadcastExtension";
				PRODUCT_NAME = "$(TARGET_NAME)";
				SDKROOT = iphoneos;
				SKIP_INSTALL = YES;
				SWIFT_VERSION = 5.0;
				TARGETED_DEVICE_FAMILY = "1,2";
				WRAPPER_EXTENSION = appex;
			};
			name = Debug;
		};
		9E687DBEE9892D5FD5D7E534 /* Release */ = {
			isa = XCBuildConfiguration;
			buildSettings = {
				ASSETCATALOG_COMPILER_APPICON_NAME = AppIcon;
				CLANG_ENABLE_OBJC_WEAK = NO;
				CODE_SIGN_ENTITLEMENTS = Shared.entitlements;
				CODE_SIGN_STYLE = Automatic;
				DEVELOPMENT_TEAM = F4TFHKUQDA;
				INFOPLIST_FILE = OverlayBroadcastExtension/Info.plist;
				IPHONEOS_DEPLOYMENT_TARGET = 17.0;
				PRODUCT_BUNDLE_IDENTIFIER = "amrit.dash.Overlay-Recorder.OverlayBroadcastExtension";
				PRODUCT_NAME = "$(TARGET_NAME)";
				SDKROOT = iphoneos;
				SKIP_INSTALL = YES;
				SWIFT_VERSION = 5.0;
				TARGETED_DEVICE_FAMILY = "1,2";
				VALIDATE_PRODUCT = YES;
				WRAPPER_EXTENSION = appex;
			};
			name = Release;
		};
		F0AB9A742F8851AC0075300D /* Debug */ = {
			isa = XCBuildConfiguration;
			buildSettings = {
				ALWAYS_SEARCH_USER_PATHS = NO;
				ASSETCATALOG_COMPILER_GENERATE_SWIFT_ASSET_SYMBOL_EXTENSIONS = YES;
				CLANG_ANALYZER_NONNULL = YES;
				CLANG_ANALYZER_NUMBER_OBJECT_CONVERSION = YES_AGGRESSIVE;
				CLANG_CXX_LANGUAGE_STANDARD = "gnu++20";
				CLANG_ENABLE_MODULES = YES;
				CLANG_ENABLE_OBJC_ARC = YES;
				CLANG_ENABLE_OBJC_WEAK = YES;
				CLANG_WARN_BLOCK_CAPTURE_AUTORELEASING = YES;
				CLANG_WARN_BOOL_CONVERSION = YES;
				CLANG_WARN_COMMA = YES;
				CLANG_WARN_CONSTANT_CONVERSION = YES;
				CLANG_WARN_DEPRECATED_OBJC_IMPLEMENTATIONS = YES;
				CLANG_WARN_DIRECT_OBJC_ISA_USAGE = YES_ERROR;
				CLANG_WARN_DOCUMENTATION_COMMENTS = YES;
				CLANG_WARN_EMPTY_BODY = YES;
				CLANG_WARN_ENUM_CONVERSION = YES;
				CLANG_WARN_INFINITE_RECURSION = YES;
				CLANG_WARN_INT_CONVERSION = YES;
				CLANG_WARN_NON_LITERAL_NULL_CONVERSION = YES;
				CLANG_WARN_OBJC_IMPLICIT_RETAIN_SELF = YES;
				CLANG_WARN_OBJC_LITERAL_CONVERSION = YES;
				CLANG_WARN_OBJC_ROOT_CLASS = YES_ERROR;
				CLANG_WARN_QUOTED_INCLUDE_IN_FRAMEWORK_HEADER = YES;
				CLANG_WARN_RANGE_LOOP_ANALYSIS = YES;
				CLANG_WARN_STRICT_PROTOTYPES = YES;
				CLANG_WARN_SUSPICIOUS_MOVE = YES;
				CLANG_WARN_UNGUARDED_AVAILABILITY = YES_AGGRESSIVE;
				CLANG_WARN_UNREACHABLE_CODE = YES;
				CLANG_WARN__DUPLICATE_METHOD_MATCH = YES;
				CODE_SIGN_ENTITLEMENTS = "Overlay Recorder/Overlay Recorder.entitlements";
				COPY_PHASE_STRIP = NO;
				DEBUG_INFORMATION_FORMAT = dwarf;
				DEVELOPMENT_TEAM = F4TFHKUQDA;
				ENABLE_STRICT_OBJC_MSGSEND = YES;
				ENABLE_TESTABILITY = YES;
				ENABLE_USER_SCRIPT_SANDBOXING = YES;
				GCC_C_LANGUAGE_STANDARD = gnu17;
				GCC_DYNAMIC_NO_PIC = NO;
				GCC_NO_COMMON_BLOCKS = YES;
				GCC_OPTIMIZATION_LEVEL = 0;
				GCC_PREPROCESSOR_DEFINITIONS = (
					"DEBUG=1",
					"$(inherited)",
				);
				GCC_WARN_64_TO_32_BIT_CONVERSION = YES;
				GCC_WARN_ABOUT_RETURN_TYPE = YES_ERROR;
				GCC_WARN_UNDECLARED_SELECTOR = YES;
				GCC_WARN_UNINITIALIZED_AUTOS = YES_AGGRESSIVE;
				GCC_WARN_UNUSED_FUNCTION = YES;
				GCC_WARN_UNUSED_VARIABLE = YES;
				LOCALIZATION_PREFERS_STRING_CATALOGS = YES;
				MTL_ENABLE_DEBUG_INFO = INCLUDE_SOURCE;
				MTL_FAST_MATH = YES;
				ONLY_ACTIVE_ARCH = YES;
				SDKROOT = iphoneos;
				SUPPORTED_PLATFORMS = "iphoneos iphonesimulator";
				SUPPORTS_MACCATALYST = YES;
				SWIFT_ACTIVE_COMPILATION_CONDITIONS = "DEBUG $(inherited)";
				SWIFT_OPTIMIZATION_LEVEL = "-Onone";
				TARGETED_DEVICE_FAMILY = "1,2,6";
			};
			name = Debug;
		};
		F0AB9A752F8851AC0075300D /* Release */ = {
			isa = XCBuildConfiguration;
			buildSettings = {
				ALWAYS_SEARCH_USER_PATHS = NO;
				ASSETCATALOG_COMPILER_GENERATE_SWIFT_ASSET_SYMBOL_EXTENSIONS = YES;
				CLANG_ANALYZER_NONNULL = YES;
				CLANG_ANALYZER_NUMBER_OBJECT_CONVERSION = YES_AGGRESSIVE;
				CLANG_CXX_LANGUAGE_STANDARD = "gnu++20";
				CLANG_ENABLE_MODULES = YES;
				CLANG_ENABLE_OBJC_ARC = YES;
				CLANG_ENABLE_OBJC_WEAK = YES;
				CLANG_WARN_BLOCK_CAPTURE_AUTORELEASING = YES;
				CLANG_WARN_BOOL_CONVERSION = YES;
				CLANG_WARN_COMMA = YES;
				CLANG_WARN_CONSTANT_CONVERSION = YES;
				CLANG_WARN_DEPRECATED_OBJC_IMPLEMENTATIONS = YES;
				CLANG_WARN_DIRECT_OBJC_ISA_USAGE = YES_ERROR;
				CLANG_WARN_DOCUMENTATION_COMMENTS = YES;
				CLANG_WARN_EMPTY_BODY = YES;
				CLANG_WARN_ENUM_CONVERSION = YES;
				CLANG_WARN_INFINITE_RECURSION = YES;
				CLANG_WARN_INT_CONVERSION = YES;
				CLANG_WARN_NON_LITERAL_NULL_CONVERSION = YES;
				CLANG_WARN_OBJC_IMPLICIT_RETAIN_SELF = YES;
				CLANG_WARN_OBJC_LITERAL_CONVERSION = YES;
				CLANG_WARN_OBJC_ROOT_CLASS = YES_ERROR;
				CLANG_WARN_QUOTED_INCLUDE_IN_FRAMEWORK_HEADER = YES;
				CLANG_WARN_RANGE_LOOP_ANALYSIS = YES;
				CLANG_WARN_STRICT_PROTOTYPES = YES;
				CLANG_WARN_SUSPICIOUS_MOVE = YES;
				CLANG_WARN_UNGUARDED_AVAILABILITY = YES_AGGRESSIVE;
				CLANG_WARN_UNREACHABLE_CODE = YES;
				CLANG_WARN__DUPLICATE_METHOD_MATCH = YES;
				CODE_SIGN_ENTITLEMENTS = "Overlay Recorder/Overlay Recorder.entitlements";
				COPY_PHASE_STRIP = NO;
				DEBUG_INFORMATION_FORMAT = "dwarf-with-dsym";
				DEVELOPMENT_TEAM = F4TFHKUQDA;
				ENABLE_NS_ASSERTIONS = NO;
				ENABLE_STRICT_OBJC_MSGSEND = YES;
				ENABLE_USER_SCRIPT_SANDBOXING = YES;
				GCC_C_LANGUAGE_STANDARD = gnu17;
				GCC_NO_COMMON_BLOCKS = YES;
				GCC_WARN_64_TO_32_BIT_CONVERSION = YES;
				GCC_WARN_ABOUT_RETURN_TYPE = YES_ERROR;
				GCC_WARN_UNDECLARED_SELECTOR = YES;
				GCC_WARN_UNINITIALIZED_AUTOS = YES_AGGRESSIVE;
				GCC_WARN_UNUSED_FUNCTION = YES;
				GCC_WARN_UNUSED_VARIABLE = YES;
				LOCALIZATION_PREFERS_STRING_CATALOGS = YES;
				MTL_ENABLE_DEBUG_INFO = NO;
				MTL_FAST_MATH = YES;
				SDKROOT = iphoneos;
				SUPPORTED_PLATFORMS = "iphoneos iphonesimulator";
				SUPPORTS_MACCATALYST = YES;
				SWIFT_COMPILATION_MODE = wholemodule;
				TARGETED_DEVICE_FAMILY = "1,2,6";
			};
			name = Release;
		};
		F0AB9A772F8851AC0075300D /* Debug */ = {
			isa = XCBuildConfiguration;
			buildSettings = {
				ASSETCATALOG_COMPILER_APPICON_NAME = AppIcon;
				ASSETCATALOG_COMPILER_GLOBAL_ACCENT_COLOR_NAME = AccentColor;
				CODE_SIGN_ENTITLEMENTS = "Overlay Recorder/Overlay RecorderDebug.entitlements";
				"CODE_SIGN_ENTITLEMENTS[sdk=macosx*]" = "Overlay Recorder/Overlay Recorder.entitlements";
				"CODE_SIGN_IDENTITY[sdk=macosx*]" = "Apple Development";
				CODE_SIGN_STYLE = Automatic;
				CURRENT_PROJECT_VERSION = 1;
				DEVELOPMENT_TEAM = F4TFHKUQDA;
				ENABLE_APP_SANDBOX = YES;
				ENABLE_HARDENED_RUNTIME = YES;
				ENABLE_PREVIEWS = YES;
				ENABLE_USER_SELECTED_FILES = readonly;
				GENERATE_INFOPLIST_FILE = YES;
				INFOPLIST_FILE = "Overlay-Recorder-Info.plist";
				INFOPLIST_KEY_CFBundleDisplayName = "Aradhi's Classroom";
				INFOPLIST_KEY_NSCameraUsageDescription = "We need access to the camera to record the PiP overlay.";
				INFOPLIST_KEY_NSMicrophoneUsageDescription = "We need access to the microphone to record your voice.";
				INFOPLIST_KEY_NSPhotoLibraryAddUsageDescription = "We need access to add videos to your photo library.";
				INFOPLIST_KEY_NSPhotoLibraryUsageDescription = "We need access to your photo library to save screen recordings.";
				"INFOPLIST_KEY_UIApplicationSceneManifest_Generation[sdk=iphoneos*]" = YES;
				"INFOPLIST_KEY_UIApplicationSceneManifest_Generation[sdk=iphonesimulator*]" = YES;
				"INFOPLIST_KEY_UIApplicationSupportsIndirectInputEvents[sdk=iphoneos*]" = YES;
				"INFOPLIST_KEY_UIApplicationSupportsIndirectInputEvents[sdk=iphonesimulator*]" = YES;
				INFOPLIST_KEY_UIBackgroundModes = "audio picture-in-picture";
				"INFOPLIST_KEY_UILaunchScreen_Generation[sdk=iphoneos*]" = YES;
				"INFOPLIST_KEY_UILaunchScreen_Generation[sdk=iphonesimulator*]" = YES;
				"INFOPLIST_KEY_UIStatusBarStyle[sdk=iphoneos*]" = UIStatusBarStyleDefault;
				"INFOPLIST_KEY_UIStatusBarStyle[sdk=iphonesimulator*]" = UIStatusBarStyleDefault;
				INFOPLIST_KEY_UISupportedInterfaceOrientations_iPad = "UIInterfaceOrientationPortrait UIInterfaceOrientationPortraitUpsideDown UIInterfaceOrientationLandscapeLeft UIInterfaceOrientationLandscapeRight";
				INFOPLIST_KEY_UISupportedInterfaceOrientations_iPhone = "UIInterfaceOrientationPortrait UIInterfaceOrientationLandscapeLeft UIInterfaceOrientationLandscapeRight";
				IPHONEOS_DEPLOYMENT_TARGET = 26.3;
				LD_RUNPATH_SEARCH_PATHS = "@executable_path/Frameworks";
				"LD_RUNPATH_SEARCH_PATHS[sdk=macosx*]" = "@executable_path/../Frameworks";
				MACOSX_DEPLOYMENT_TARGET = 26.3;
				MARKETING_VERSION = 1.0;
				PRODUCT_BUNDLE_IDENTIFIER = "amrit.dash.Overlay-Recorder";
				PRODUCT_NAME = "$(TARGET_NAME)";
				REGISTER_APP_GROUPS = YES;
				SDKROOT = auto;
				STRING_CATALOG_GENERATE_SYMBOLS = YES;
				SUPPORTED_PLATFORMS = "iphoneos iphonesimulator macosx xros xrsimulator";
				SUPPORTS_MACCATALYST = NO;
				SWIFT_APPROACHABLE_CONCURRENCY = YES;
				SWIFT_DEFAULT_ACTOR_ISOLATION = MainActor;
				SWIFT_EMIT_LOC_STRINGS = YES;
				SWIFT_UPCOMING_FEATURE_MEMBER_IMPORT_VISIBILITY = YES;
				SWIFT_VERSION = 5.0;
				TARGETED_DEVICE_FAMILY = "1,2,7";
				XROS_DEPLOYMENT_TARGET = 26.4;
			};
			name = Debug;
		};
		F0AB9A782F8851AC0075300D /* Release */ = {
			isa = XCBuildConfiguration;
			buildSettings = {
				ASSETCATALOG_COMPILER_APPICON_NAME = AppIcon;
				ASSETCATALOG_COMPILER_GLOBAL_ACCENT_COLOR_NAME = AccentColor;
				CODE_SIGN_ENTITLEMENTS = Shared.entitlements;
				"CODE_SIGN_ENTITLEMENTS[sdk=macosx*]" = "Overlay Recorder/Overlay Recorder.entitlements";
				"CODE_SIGN_IDENTITY[sdk=macosx*]" = "Apple Development";
				CODE_SIGN_STYLE = Automatic;
				CURRENT_PROJECT_VERSION = 1;
				DEVELOPMENT_TEAM = F4TFHKUQDA;
				ENABLE_APP_SANDBOX = YES;
				ENABLE_HARDENED_RUNTIME = YES;
				ENABLE_PREVIEWS = YES;
				ENABLE_USER_SELECTED_FILES = readonly;
				GENERATE_INFOPLIST_FILE = YES;
				INFOPLIST_FILE = "Overlay-Recorder-Info.plist";
				INFOPLIST_KEY_CFBundleDisplayName = "Aradhi's Classroom";
				INFOPLIST_KEY_NSCameraUsageDescription = "We need access to the camera to record the PiP overlay.";
				INFOPLIST_KEY_NSMicrophoneUsageDescription = "We need access to the microphone to record your voice.";
				INFOPLIST_KEY_NSPhotoLibraryAddUsageDescription = "We need access to add videos to your photo library.";
				INFOPLIST_KEY_NSPhotoLibraryUsageDescription = "We need access to your photo library to save screen recordings.";
				"INFOPLIST_KEY_UIApplicationSceneManifest_Generation[sdk=iphoneos*]" = YES;
				"INFOPLIST_KEY_UIApplicationSceneManifest_Generation[sdk=iphonesimulator*]" = YES;
				"INFOPLIST_KEY_UIApplicationSupportsIndirectInputEvents[sdk=iphoneos*]" = YES;
				"INFOPLIST_KEY_UIApplicationSupportsIndirectInputEvents[sdk=iphonesimulator*]" = YES;
				INFOPLIST_KEY_UIBackgroundModes = "audio picture-in-picture";
				"INFOPLIST_KEY_UILaunchScreen_Generation[sdk=iphoneos*]" = YES;
				"INFOPLIST_KEY_UILaunchScreen_Generation[sdk=iphonesimulator*]" = YES;
				"INFOPLIST_KEY_UIStatusBarStyle[sdk=iphoneos*]" = UIStatusBarStyleDefault;
				"INFOPLIST_KEY_UIStatusBarStyle[sdk=iphonesimulator*]" = UIStatusBarStyleDefault;
				INFOPLIST_KEY_UISupportedInterfaceOrientations_iPad = "UIInterfaceOrientationPortrait UIInterfaceOrientationPortraitUpsideDown UIInterfaceOrientationLandscapeLeft UIInterfaceOrientationLandscapeRight";
				INFOPLIST_KEY_UISupportedInterfaceOrientations_iPhone = "UIInterfaceOrientationPortrait UIInterfaceOrientationLandscapeLeft UIInterfaceOrientationLandscapeRight";
				IPHONEOS_DEPLOYMENT_TARGET = 26.3;
				LD_RUNPATH_SEARCH_PATHS = "@executable_path/Frameworks";
				"LD_RUNPATH_SEARCH_PATHS[sdk=macosx*]" = "@executable_path/../Frameworks";
				MACOSX_DEPLOYMENT_TARGET = 26.3;
				MARKETING_VERSION = 1.0;
				PRODUCT_BUNDLE_IDENTIFIER = "amrit.dash.Overlay-Recorder";
				PRODUCT_NAME = "$(TARGET_NAME)";
				REGISTER_APP_GROUPS = YES;
				SDKROOT = auto;
				STRING_CATALOG_GENERATE_SYMBOLS = YES;
				SUPPORTED_PLATFORMS = "iphoneos iphonesimulator macosx xros xrsimulator";
				SUPPORTS_MACCATALYST = NO;
				SWIFT_APPROACHABLE_CONCURRENCY = YES;
				SWIFT_DEFAULT_ACTOR_ISOLATION = MainActor;
				SWIFT_EMIT_LOC_STRINGS = YES;
				SWIFT_UPCOMING_FEATURE_MEMBER_IMPORT_VISIBILITY = YES;
				SWIFT_VERSION = 5.0;
				TARGETED_DEVICE_FAMILY = "1,2,7";
				XROS_DEPLOYMENT_TARGET = 26.4;
			};
			name = Release;
		};
		F0AB9A7A2F8851AC0075300D /* Debug */ = {
			isa = XCBuildConfiguration;
			buildSettings = {
				BUNDLE_LOADER = "$(TEST_HOST)";
				CODE_SIGN_STYLE = Automatic;
				CURRENT_PROJECT_VERSION = 1;
				DEVELOPMENT_TEAM = F4TFHKUQDA;
				GENERATE_INFOPLIST_FILE = YES;
				IPHONEOS_DEPLOYMENT_TARGET = 26.4;
				MACOSX_DEPLOYMENT_TARGET = 26.4;
				MARKETING_VERSION = 1.0;
				PRODUCT_BUNDLE_IDENTIFIER = "amrit.dash.Overlay-RecorderTests";
				PRODUCT_NAME = "$(TARGET_NAME)";
				SDKROOT = auto;
				STRING_CATALOG_GENERATE_SYMBOLS = NO;
				SUPPORTED_PLATFORMS = "iphoneos iphonesimulator macosx xros xrsimulator";
				SWIFT_APPROACHABLE_CONCURRENCY = YES;
				SWIFT_EMIT_LOC_STRINGS = NO;
				SWIFT_UPCOMING_FEATURE_MEMBER_IMPORT_VISIBILITY = YES;
				SWIFT_VERSION = 5.0;
				TARGETED_DEVICE_FAMILY = "1,2,7";
				TEST_HOST = "$(BUILT_PRODUCTS_DIR)/Overlay Recorder.app/$(BUNDLE_EXECUTABLE_FOLDER_PATH)/Overlay Recorder";
				XROS_DEPLOYMENT_TARGET = 26.4;
			};
			name = Debug;
		};
		F0AB9A7B2F8851AC0075300D /* Release */ = {
			isa = XCBuildConfiguration;
			buildSettings = {
				BUNDLE_LOADER = "$(TEST_HOST)";
				CODE_SIGN_STYLE = Automatic;
				CURRENT_PROJECT_VERSION = 1;
				DEVELOPMENT_TEAM = F4TFHKUQDA;
				GENERATE_INFOPLIST_FILE = YES;
				IPHONEOS_DEPLOYMENT_TARGET = 26.4;
				MACOSX_DEPLOYMENT_TARGET = 26.4;
				MARKETING_VERSION = 1.0;
				PRODUCT_BUNDLE_IDENTIFIER = "amrit.dash.Overlay-RecorderTests";
				PRODUCT_NAME = "$(TARGET_NAME)";
				SDKROOT = auto;
				STRING_CATALOG_GENERATE_SYMBOLS = NO;
				SUPPORTED_PLATFORMS = "iphoneos iphonesimulator macosx xros xrsimulator";
				SWIFT_APPROACHABLE_CONCURRENCY = YES;
				SWIFT_EMIT_LOC_STRINGS = NO;
				SWIFT_UPCOMING_FEATURE_MEMBER_IMPORT_VISIBILITY = YES;
				SWIFT_VERSION = 5.0;
				TARGETED_DEVICE_FAMILY = "1,2,7";
				TEST_HOST = "$(BUILT_PRODUCTS_DIR)/Overlay Recorder.app/$(BUNDLE_EXECUTABLE_FOLDER_PATH)/Overlay Recorder";
				XROS_DEPLOYMENT_TARGET = 26.4;
			};
			name = Release;
		};
		F0AB9A7D2F8851AC0075300D /* Debug */ = {
			isa = XCBuildConfiguration;
			buildSettings = {
				CODE_SIGN_STYLE = Automatic;
				CURRENT_PROJECT_VERSION = 1;
				DEVELOPMENT_TEAM = F4TFHKUQDA;
				GENERATE_INFOPLIST_FILE = YES;
				IPHONEOS_DEPLOYMENT_TARGET = 26.4;
				MACOSX_DEPLOYMENT_TARGET = 26.4;
				MARKETING_VERSION = 1.0;
				PRODUCT_BUNDLE_IDENTIFIER = "amrit.dash.Overlay-RecorderUITests";
				PRODUCT_NAME = "$(TARGET_NAME)";
				SDKROOT = auto;
				STRING_CATALOG_GENERATE_SYMBOLS = NO;
				SUPPORTED_PLATFORMS = "iphoneos iphonesimulator macosx xros xrsimulator";
				SWIFT_APPROACHABLE_CONCURRENCY = YES;
				SWIFT_EMIT_LOC_STRINGS = NO;
				SWIFT_UPCOMING_FEATURE_MEMBER_IMPORT_VISIBILITY = YES;
				SWIFT_VERSION = 5.0;
				TARGETED_DEVICE_FAMILY = "1,2,7";
				TEST_TARGET_NAME = "Overlay Recorder";
				XROS_DEPLOYMENT_TARGET = 26.4;
			};
			name = Debug;
		};
		F0AB9A7E2F8851AC0075300D /* Release */ = {
			isa = XCBuildConfiguration;
			buildSettings = {
				CODE_SIGN_STYLE = Automatic;
				CURRENT_PROJECT_VERSION = 1;
				DEVELOPMENT_TEAM = F4TFHKUQDA;
				GENERATE_INFOPLIST_FILE = YES;
				IPHONEOS_DEPLOYMENT_TARGET = 26.4;
				MACOSX_DEPLOYMENT_TARGET = 26.4;
				MARKETING_VERSION = 1.0;
				PRODUCT_BUNDLE_IDENTIFIER = "amrit.dash.Overlay-RecorderUITests";
				PRODUCT_NAME = "$(TARGET_NAME)";
				SDKROOT = auto;
				STRING_CATALOG_GENERATE_SYMBOLS = NO;
				SUPPORTED_PLATFORMS = "iphoneos iphonesimulator macosx xros xrsimulator";
				SWIFT_APPROACHABLE_CONCURRENCY = YES;
				SWIFT_EMIT_LOC_STRINGS = NO;
				SWIFT_UPCOMING_FEATURE_MEMBER_IMPORT_VISIBILITY = YES;
				SWIFT_VERSION = 5.0;
				TARGETED_DEVICE_FAMILY = "1,2,7";
				TEST_TARGET_NAME = "Overlay Recorder";
				XROS_DEPLOYMENT_TARGET = 26.4;
			};
			name = Release;
		};
/* End XCBuildConfiguration section */

/* Begin XCConfigurationList section */
		394ABD2EE8A436B916B59E97 /* Build configuration list for PBXNativeTarget "OverlayBroadcastExtension" */ = {
			isa = XCConfigurationList;
			buildConfigurations = (
				9E687DBEE9892D5FD5D7E534 /* Release */,
				379123A0F50A012C97ED8C06 /* Debug */,
			);
			defaultConfigurationIsVisible = 0;
			defaultConfigurationName = Release;
		};
		F0AB9A502F8851AA0075300D /* Build configuration list for PBXProject "Overlay Recorder" */ = {
			isa = XCConfigurationList;
			buildConfigurations = (
				F0AB9A742F8851AC0075300D /* Debug */,
				F0AB9A752F8851AC0075300D /* Release */,
			);
			defaultConfigurationIsVisible = 0;
			defaultConfigurationName = Release;
		};
		F0AB9A762F8851AC0075300D /* Build configuration list for PBXNativeTarget "Overlay Recorder" */ = {
			isa = XCConfigurationList;
			buildConfigurations = (
				F0AB9A772F8851AC0075300D /* Debug */,
				F0AB9A782F8851AC0075300D /* Release */,
			);
			defaultConfigurationIsVisible = 0;
			defaultConfigurationName = Release;
		};
		F0AB9A792F8851AC0075300D /* Build configuration list for PBXNativeTarget "Overlay RecorderTests" */ = {
			isa = XCConfigurationList;
			buildConfigurations = (
				F0AB9A7A2F8851AC0075300D /* Debug */,
				F0AB9A7B2F8851AC0075300D /* Release */,
			);
			defaultConfigurationIsVisible = 0;
			defaultConfigurationName = Release;
		};
		F0AB9A7C2F8851AC0075300D /* Build configuration list for PBXNativeTarget "Overlay RecorderUITests" */ = {
			isa = XCConfigurationList;
			buildConfigurations = (
				F0AB9A7D2F8851AC0075300D /* Debug */,
				F0AB9A7E2F8851AC0075300D /* Release */,
			);
			defaultConfigurationIsVisible = 0;
			defaultConfigurationName = Release;
		};
/* End XCConfigurationList section */
	};
	rootObject = F0AB9A4D2F8851AA0075300D /* Project object */;
}
